// !$*UTF8*$!
{
	archiveVersion = 1;
	classes = {
	};
	objectVersion = 50;
	objects = {

/* Begin PBXBuildFile section */
		98BCF1162636F4A000D1D155 /* StackArray.m in Sources */ = {isa = PBXBuildFile; fileRef = 98BCF1152636F4A000D1D155 /* StackArray.m */; };
		98BCF11C2636F54B00D1D155 /* ListNode.m in Sources */ = {isa = PBXBuildFile; fileRef = 98BCF11B2636F54B00D1D155 /* ListNode.m */; };
		98BCF1212636F5BC00D1D155 /* Stack.m in Sources */ = {isa = PBXBuildFile; fileRef = 98BCF1202636F5BC00D1D155 /* Stack.m */; };
		D613C7C72631258F00047871 /* main.m in Sources */ = {isa = PBXBuildFile; fileRef = D613C7C62631258F00047871 /* main.m */; };
		D613C7D02631278500047871 /* sorter.m in Sources */ = {isa = PBXBuildFile; fileRef = D613C7CF2631278500047871 /* sorter.m */; };
/* End PBXBuildFile section */

/* Begin PBXCopyFilesBuildPhase section */
		D613C7C12631258F00047871 /* CopyFiles */ = {
			isa = PBXCopyFilesBuildPhase;
			buildActionMask = 2147483647;
			dstPath = /usr/share/man/man1/;
			dstSubfolderSpec = 0;
			files = (
			);
			runOnlyForDeploymentPostprocessing = 1;
		};
/* End PBXCopyFilesBuildPhase section */

/* Begin PBXFileReference section */
		98BCF1142636F48500D1D155 /* StackArray.h */ = {isa = PBXFileReference; lastKnownFileType = sourcecode.c.h; path = StackArray.h; sourceTree = "<group>"; };
		98BCF1152636F4A000D1D155 /* StackArray.m */ = {isa = PBXFileReference; lastKnownFileType = sourcecode.c.objc; path = StackArray.m; sourceTree = "<group>"; };
		98BCF11A2636F53600D1D155 /* ListNode.h */ = {isa = PBXFileReference; lastKnownFileType = sourcecode.c.h; path = ListNode.h; sourceTree = "<group>"; };
		98BCF11B2636F54B00D1D155 /* ListNode.m */ = {isa = PBXFileReference; lastKnownFileType = sourcecode.c.objc; path = ListNode.m; sourceTree = "<group>"; };
		98BCF11F2636F5B300D1D155 /* Stack.h */ = {isa = PBXFileReference; lastKnownFileType = sourcecode.c.h; path = Stack.h; sourceTree = "<group>"; };
		98BCF1202636F5BC00D1D155 /* Stack.m */ = {isa = PBXFileReference; lastKnownFileType = sourcecode.c.objc; path = Stack.m; sourceTree = "<group>"; };
		D613C7C32631258F00047871 /* AlgoAnalysis */ = {isa = PBXFileReference; explicitFileType = "compiled.mach-o.executable"; includeInIndex = 0; path = AlgoAnalysis; sourceTree = BUILT_PRODUCTS_DIR; };
		D613C7C62631258F00047871 /* main.m */ = {isa = PBXFileReference; lastKnownFileType = sourcecode.c.objc; path = main.m; sourceTree = "<group>"; };
		D613C7CE2631277400047871 /* sorter.h */ = {isa = PBXFileReference; lastKnownFileType = sourcecode.c.h; path = sorter.h; sourceTree = "<group>"; };
		D613C7CF2631278500047871 /* sorter.m */ = {isa = PBXFileReference; lastKnownFileType = sourcecode.c.objc; path = sorter.m; sourceTree = "<group>"; };
/* End PBXFileReference section */

/* Begin PBXFrameworksBuildPhase section */
		D613C7C02631258F00047871 /* Frameworks */ = {
			isa = PBXFrameworksBuildPhase;
			buildActionMask = 2147483647;
			files = (
			);
			runOnlyForDeploymentPostprocessing = 0;
		};
/* End PBXFrameworksBuildPhase section */

/* Begin PBXGroup section */
		D613C7BA2631258F00047871 = {
			isa = PBXGroup;
			children = (
				D613C7C52631258F00047871 /* AlgoAnalysis */,
				D613C7C42631258F00047871 /* Products */,
			);
			sourceTree = "<group>";
		};
		D613C7C42631258F00047871 /* Products */ = {
			isa = PBXGroup;
			children = (
				D613C7C32631258F00047871 /* AlgoAnalysis */,
			);
			name = Products;
			sourceTree = "<group>";
		};
		D613C7C52631258F00047871 /* AlgoAnalysis */ = {
			isa = PBXGroup;
			children = (
				D613C7C62631258F00047871 /* main.m */,
				D613C7CE2631277400047871 /* sorter.h */,
				98BCF1142636F48500D1D155 /* StackArray.h */,
				98BCF1152636F4A000D1D155 /* StackArray.m */,
				98BCF11A2636F53600D1D155 /* ListNode.h */,
				98BCF11B2636F54B00D1D155 /* ListNode.m */,
				98BCF11F2636F5B300D1D155 /* Stack.h */,
				98BCF1202636F5BC00D1D155 /* Stack.m */,
				D613C7CF2631278500047871 /* sorter.m */,
			);
			path = AlgoAnalysis;
			sourceTree = "<group>";
		};
/* End PBXGroup section */

/* Begin PBXNativeTarget section */
		D613C7C22631258F00047871 /* AlgoAnalysis */ = {
			isa = PBXNativeTarget;
			buildConfigurationList = D613C7CA2631258F00047871 /* Build configuration list for PBXNativeTarget "AlgoAnalysis" */;
			buildPhases = (
				D613C7BF2631258F00047871 /* Sources */,
				D613C7C02631258F00047871 /* Frameworks */,
				D613C7C12631258F00047871 /* CopyFiles */,
			);
			buildRules = (
			);
			dependencies = (
			);
			name = AlgoAnalysis;
			productName = AlgoAnalysis;
			productReference = D613C7C32631258F00047871 /* AlgoAnalysis */;
			productType = "com.apple.product-type.tool";
		};
/* End PBXNativeTarget section */

/* Begin PBXProject section */
		D613C7BB2631258F00047871 /* Project object */ = {
			isa = PBXProject;
			attributes = {
				LastUpgradeCheck = 1240;
				TargetAttributes = {
					D613C7C22631258F00047871 = {
						CreatedOnToolsVersion = 12.4;
					};
				};
			};
			buildConfigurationList = D613C7BE2631258F00047871 /* Build configuration list for PBXProject "AlgoAnalysis" */;
			compatibilityVersion = "Xcode 9.3";
			developmentRegion = en;
			hasScannedForEncodings = 0;
			knownRegions = (
				en,
				Base,
			);
			mainGroup = D613C7BA2631258F00047871;
			productRefGroup = D613C7C42631258F00047871 /* Products */;
			projectDirPath = "";
			projectRoot = "";
			targets = (
				D613C7C22631258F00047871 /* AlgoAnalysis */,
			);
		};
/* End PBXProject section */

/* Begin PBXSourcesBuildPhase section */
		D613C7BF2631258F00047871 /* Sources */ = {
			isa = PBXSourcesBuildPhase;
			buildActionMask = 2147483647;
			files = (
				98BCF1162636F4A000D1D155 /* StackArray.m in Sources */,
				D613C7D02631278500047871 /* sorter.m in Sources */,
				D613C7C72631258F00047871 /* main.m in Sources */,
				98BCF1212636F5BC00D1D155 /* Stack.m in Sources */,
				98BCF11C2636F54B00D1D155 /* ListNode.m in Sources */,
			);
			runOnlyForDeploymentPostprocessing = 0;
		};
/* End PBXSourcesBuildPhase section */

/* Begin XCBuildConfiguration section */
		D613C7C82631258F00047871 /* Debug */ = {
			isa = XCBuildConfiguration;
			buildSettings = {
				ALWAYS_SEARCH_USER_PATHS = NO;
				CLANG_ANALYZER_NONNULL = YES;
				CLANG_ANALYZER_NUMBER_OBJECT_CONVERSION = YES_AGGRESSIVE;
				CLANG_CXX_LANGUAGE_STANDARD = "gnu++14";
				CLANG_CXX_LIBRARY = "libc++";
				CLANG_ENABLE_MODULES = YES;
				CLANG_ENABLE_OBJC_ARC = YES;
				CLANG_ENABLE_OBJC_WEAK = YES;
				CLANG_WARN_BLOCK_CAPTURE_AUTORELEASING = YES;
				CLANG_WARN_BOOL_CONVERSION = YES;
				CLANG_WARN_COMMA = YES;
				CLANG_WARN_CONSTANT_CONVERSION = YES;
				CLANG_WARN_DEPRECATED_OBJC_IMPLEMENTATIONS = YES;
				CLANG_WARN_DIRECT_OBJC_ISA_USAGE = YES_ERROR;
				CLANG_WARN_DOCUMENTATION_COMMENTS = YES;
				CLANG_WARN_EMPTY_BODY = YES;
				CLANG_WARN_ENUM_CONVERSION = YES;
				CLANG_WARN_INFINITE_RECURSION = YES;
				CLANG_WARN_INT_CONVERSION = YES;
				CLANG_WARN_NON_LITERAL_NULL_CONVERSION = YES;
				CLANG_WARN_OBJC_IMPLICIT_RETAIN_SELF = YES;
				CLANG_WARN_OBJC_LITERAL_CONVERSION = YES;
				CLANG_WARN_OBJC_ROOT_CLASS = YES_ERROR;
				CLANG_WARN_QUOTED_INCLUDE_IN_FRAMEWORK_HEADER = YES;
				CLANG_WARN_RANGE_LOOP_ANALYSIS = YES;
				CLANG_WARN_STRICT_PROTOTYPES = YES;
				CLANG_WARN_SUSPICIOUS_MOVE = YES;
				CLANG_WARN_UNGUARDED_AVAILABILITY = YES_AGGRESSIVE;
				CLANG_WARN_UNREACHABLE_CODE = YES;
				CLANG_WARN__DUPLICATE_METHOD_MATCH = YES;
				COPY_PHASE_STRIP = NO;
				DEBUG_INFORMATION_FORMAT = dwarf;
				ENABLE_STRICT_OBJC_MSGSEND = YES;
				ENABLE_TESTABILITY = YES;
				GCC_C_LANGUAGE_STANDARD = gnu11;
				GCC_DYNAMIC_NO_PIC = NO;
				GCC_NO_COMMON_BLOCKS = YES;
				GCC_OPTIMIZATION_LEVEL = 0;
				GCC_PREPROCESSOR_DEFINITIONS = (
					"DEBUG=1",
					"$(inherited)",
				);
				GCC_WARN_64_TO_32_BIT_CONVERSION = YES;
				GCC_WARN_ABOUT_RETURN_TYPE = YES_ERROR;
				GCC_WARN_UNDECLARED_SELECTOR = YES;
				GCC_WARN_UNINITIALIZED_AUTOS = YES_AGGRESSIVE;
				GCC_WARN_UNUSED_FUNCTION = YES;
				GCC_WARN_UNUSED_VARIABLE = YES;
				MACOSX_DEPLOYMENT_TARGET = 10.15;
				MTL_ENABLE_DEBUG_INFO = INCLUDE_SOURCE;
				MTL_FAST_MATH = YES;
				ONLY_ACTIVE_ARCH = YES;
				SDKROOT = macosx;
			};
			name = Debug;
		};
		D613C7C92631258F00047871 /* Release */ = {
			isa = XCBuildConfiguration;
			buildSettings = {
				ALWAYS_SEARCH_USER_PATHS = NO;
				CLANG_ANALYZER_NONNULL = YES;
				CLANG_ANALYZER_NUMBER_OBJECT_CONVERSION = YES_AGGRESSIVE;
				CLANG_CXX_LANGUAGE_STANDARD = "gnu++14";
				CLANG_CXX_LIBRARY = "libc++";
				CLANG_ENABLE_MODULES = YES;
				CLANG_ENABLE_OBJC_ARC = YES;
				CLANG_ENABLE_OBJC_WEAK = YES;
				CLANG_WARN_BLOCK_CAPTURE_AUTORELEASING = YES;
				CLANG_WARN_BOOL_CONVERSION = YES;
				CLANG_WARN_COMMA = YES;
				CLANG_WARN_CONSTANT_CONVERSION = YES;
				CLANG_WARN_DEPRECATED_OBJC_IMPLEMENTATIONS = YES;
				CLANG_WARN_DIRECT_OBJC_ISA_USAGE = YES_ERROR;
				CLANG_WARN_DOCUMENTATION_COMMENTS = YES;
				CLANG_WARN_EMPTY_BODY = YES;
				CLANG_WARN_ENUM_CONVERSION = YES;
				CLANG_WARN_INFINITE_RECURSION = YES;
				CLANG_WARN_INT_CONVERSION = YES;
				CLANG_WARN_NON_LITERAL_NULL_CONVERSION = YES;
				CLANG_WARN_OBJC_IMPLICIT_RETAIN_SELF = YES;
				CLANG_WARN_OBJC_LITERAL_CONVERSION = YES;
				CLANG_WARN_OBJC_ROOT_CLASS = YES_ERROR;
				CLANG_WARN_QUOTED_INCLUDE_IN_FRAMEWORK_HEADER = YES;
				CLANG_WARN_RANGE_LOOP_ANALYSIS = YES;
				CLANG_WARN_STRICT_PROTOTYPES = YES;
				CLANG_WARN_SUSPICIOUS_MOVE = YES;
				CLANG_WARN_UNGUARDED_AVAILABILITY = YES_AGGRESSIVE;
				CLANG_WARN_UNREACHABLE_CODE = YES;
				CLANG_WARN__DUPLICATE_METHOD_MATCH = YES;
				COPY_PHASE_STRIP = NO;
				DEBUG_INFORMATION_FORMAT = "dwarf-with-dsym";
				ENABLE_NS_ASSERTIONS = NO;
				ENABLE_STRICT_OBJC_MSGSEND = YES;
				GCC_C_LANGUAGE_STANDARD = gnu11;
				GCC_NO_COMMON_BLOCKS = YES;
				GCC_WARN_64_TO_32_BIT_CONVERSION = YES;
				GCC_WARN_ABOUT_RETURN_TYPE = YES_ERROR;
				GCC_WARN_UNDECLARED_SELECTOR = YES;
				GCC_WARN_UNINITIALIZED_AUTOS = YES_AGGRESSIVE;
				GCC_WARN_UNUSED_FUNCTION = YES;
				GCC_WARN_UNUSED_VARIABLE = YES;
				MACOSX_DEPLOYMENT_TARGET = 10.15;
				MTL_ENABLE_DEBUG_INFO = NO;
				MTL_FAST_MATH = YES;
				SDKROOT = macosx;
			};
			name = Release;
		};
		D613C7CB2631258F00047871 /* Debug */ = {
			isa = XCBuildConfiguration;
			buildSettings = {
				CODE_SIGN_STYLE = Automatic;
				DEVELOPMENT_TEAM = V3VXKS6M8P;
				ENABLE_HARDENED_RUNTIME = YES;
				PRODUCT_NAME = "$(TARGET_NAME)";
			};
			name = Debug;
		};
		D613C7CC2631258F00047871 /* Release */ = {
			isa = XCBuildConfiguration;
			buildSettings = {
				CODE_SIGN_STYLE = Automatic;
				DEVELOPMENT_TEAM = V3VXKS6M8P;
				ENABLE_HARDENED_RUNTIME = YES;
				PRODUCT_NAME = "$(TARGET_NAME)";
			};
			name = Release;
		};
/* End XCBuildConfiguration section */

/* Begin XCConfigurationList section */
		D613C7BE2631258F00047871 /* Build configuration list for PBXProject "AlgoAnalysis" */ = {
			isa = XCConfigurationList;
			buildConfigurations = (
				D613C7C82631258F00047871 /* Debug */,
				D613C7C92631258F00047871 /* Release */,
			);
			defaultConfigurationIsVisible = 0;
			defaultConfigurationName = Release;
		};
		D613C7CA2631258F00047871 /* Build configuration list for PBXNativeTarget "AlgoAnalysis" */ = {
			isa = XCConfigurationList;
			buildConfigurations = (
				D613C7CB2631258F00047871 /* Debug */,
				D613C7CC2631258F00047871 /* Release */,
			);
			defaultConfigurationIsVisible = 0;
			defaultConfigurationName = Release;
		};
/* End XCConfigurationList section */
	};
	rootObject = D613C7BB2631258F00047871 /* Project object */;
}
